// !$*UTF8*$!
{
	archiveVersion = 1;
	classes = {
	};
	objectVersion = 55;
	objects = {

/* Begin PBXBuildFile section */
		16E406E91D6F3FE7FBCD0B2B /* Pods_GitChartTests.framework in Frameworks */ = {isa = PBXBuildFile; fileRef = 121FA05A0C1B1E366B890976 /* Pods_GitChartTests.framework */; };
		2DFF53D8937571F188389692 /* Pods_GitChart_GitChartUITests.framework in Frameworks */ = {isa = PBXBuildFile; fileRef = B225F86A57D602AA9335FEDF /* Pods_GitChart_GitChartUITests.framework */; };
		5708673927D7885100CE4518 /* UIImageView.swift in Sources */ = {isa = PBXBuildFile; fileRef = 5708673827D7885100CE4518 /* UIImageView.swift */; };
		5718A33927B799E100552E93 /* Api.swift in Sources */ = {isa = PBXBuildFile; fileRef = 5718A33827B799E100552E93 /* Api.swift */; };
		5736270C27B94EF8006F0AC0 /* UserProfileModel.swift in Sources */ = {isa = PBXBuildFile; fileRef = 5736270B27B94EF8006F0AC0 /* UserProfileModel.swift */; };
		5736270E27B95032006F0AC0 /* StarredModel.swift in Sources */ = {isa = PBXBuildFile; fileRef = 5736270D27B95032006F0AC0 /* StarredModel.swift */; };
		5769231827AC168100E97A16 /* BaseViewController.swift in Sources */ = {isa = PBXBuildFile; fileRef = 5769231727AC168100E97A16 /* BaseViewController.swift */; };
		5769231C27AED40A00E97A16 /* mainlogo.png in Resources */ = {isa = PBXBuildFile; fileRef = 5769231B27AED40A00E97A16 /* mainlogo.png */; };
		5769231F27AED62100E97A16 /* AssetsColor.swift in Sources */ = {isa = PBXBuildFile; fileRef = 5769231E27AED62100E97A16 /* AssetsColor.swift */; };
		5769232227B15B7300E97A16 /* HomeVC.swift in Sources */ = {isa = PBXBuildFile; fileRef = 5769232127B15B7300E97A16 /* HomeVC.swift */; };
		5769232427B16AE300E97A16 /* TabBarController.swift in Sources */ = {isa = PBXBuildFile; fileRef = 5769232327B16AE300E97A16 /* TabBarController.swift */; };
		576D101B27BA9DF400EC5CF3 /* Moya+NetworkError.swift in Sources */ = {isa = PBXBuildFile; fileRef = 576D101A27BA9DF400EC5CF3 /* Moya+NetworkError.swift */; };
		576D101F27BD492C00EC5CF3 /* MyAPI+Request.swift in Sources */ = {isa = PBXBuildFile; fileRef = 576D101E27BD492C00EC5CF3 /* MyAPI+Request.swift */; };
		576E067627B40AEC0056B7F5 /* FriendsVC.swift in Sources */ = {isa = PBXBuildFile; fileRef = 576E067527B40AEC0056B7F5 /* FriendsVC.swift */; };
		576E067827B40AFD0056B7F5 /* StarVC.swift in Sources */ = {isa = PBXBuildFile; fileRef = 576E067727B40AFD0056B7F5 /* StarVC.swift */; };
		576E067A27B40B0C0056B7F5 /* SettingVC.swift in Sources */ = {isa = PBXBuildFile; fileRef = 576E067927B40B0C0056B7F5 /* SettingVC.swift */; };
		5775CBB027D9D62E0032EC91 /* StarListTableViewCell.swift in Sources */ = {isa = PBXBuildFile; fileRef = 5775CBAF27D9D62E0032EC91 /* StarListTableViewCell.swift */; };
		5775CBB227D9D8850032EC91 /* BaseTableViewCell.swift in Sources */ = {isa = PBXBuildFile; fileRef = 5775CBB127D9D8850032EC91 /* BaseTableViewCell.swift */; };
		5775CBB427D9EC490032EC91 /* StarViewModel.swift in Sources */ = {isa = PBXBuildFile; fileRef = 5775CBB327D9EC490032EC91 /* StarViewModel.swift */; };
		5775CBB627DA262A0032EC91 /* StarDetailVC.swift in Sources */ = {isa = PBXBuildFile; fileRef = 5775CBB527DA262A0032EC91 /* StarDetailVC.swift */; };
		5783DE9327B42989001BE31C /* NotoSans-Bold.ttf in Resources */ = {isa = PBXBuildFile; fileRef = 5783DE8827B426CE001BE31C /* NotoSans-Bold.ttf */; };
		5783DE9427B4298A001BE31C /* NotoSans-Bold.ttf in Resources */ = {isa = PBXBuildFile; fileRef = 5783DE8827B426CE001BE31C /* NotoSans-Bold.ttf */; };
		5783DE9527B42994001BE31C /* NotoSans-Regular.ttf in Resources */ = {isa = PBXBuildFile; fileRef = 5783DE8927B426CE001BE31C /* NotoSans-Regular.ttf */; };
		5783DE9627B42994001BE31C /* NotoSans-Regular.ttf in Resources */ = {isa = PBXBuildFile; fileRef = 5783DE8927B426CE001BE31C /* NotoSans-Regular.ttf */; };
		5783DE9727B42C68001BE31C /* NotoSans-Bold.ttf in Resources */ = {isa = PBXBuildFile; fileRef = 5783DE8827B426CE001BE31C /* NotoSans-Bold.ttf */; };
		5783DE9827B42C6F001BE31C /* NotoSans-Regular.ttf in Resources */ = {isa = PBXBuildFile; fileRef = 5783DE8927B426CE001BE31C /* NotoSans-Regular.ttf */; };
		5797946D27D6CD3D006EC8AE /* trandChart.swift in Sources */ = {isa = PBXBuildFile; fileRef = 5797946C27D6CD3D006EC8AE /* trandChart.swift */; };
		5797946F27D70220006EC8AE /* HomeSetupConstraints.swift in Sources */ = {isa = PBXBuildFile; fileRef = 5797946E27D70220006EC8AE /* HomeSetupConstraints.swift */; };
		57A74A4827B4A86700BEA1E8 /* Fontkit.swift in Sources */ = {isa = PBXBuildFile; fileRef = 57A74A4727B4A86700BEA1E8 /* Fontkit.swift */; };
		57B4D27627A58AE600C131E1 /* AppDelegate.swift in Sources */ = {isa = PBXBuildFile; fileRef = 57B4D27527A58AE600C131E1 /* AppDelegate.swift */; };
		57B4D27827A58AE600C131E1 /* SceneDelegate.swift in Sources */ = {isa = PBXBuildFile; fileRef = 57B4D27727A58AE600C131E1 /* SceneDelegate.swift */; };
		57B4D27F27A58AE700C131E1 /* Assets.xcassets in Resources */ = {isa = PBXBuildFile; fileRef = 57B4D27E27A58AE700C131E1 /* Assets.xcassets */; };
		57B4D28227A58AE700C131E1 /* LaunchScreen.storyboard in Resources */ = {isa = PBXBuildFile; fileRef = 57B4D28027A58AE700C131E1 /* LaunchScreen.storyboard */; };
		57B4D28D27A58AE700C131E1 /* GitChartTests.swift in Sources */ = {isa = PBXBuildFile; fileRef = 57B4D28C27A58AE700C131E1 /* GitChartTests.swift */; };
		57B4D29727A58AE700C131E1 /* GitChartUITests.swift in Sources */ = {isa = PBXBuildFile; fileRef = 57B4D29627A58AE700C131E1 /* GitChartUITests.swift */; };
		57B4D29927A58AE700C131E1 /* GitChartUITestsLaunchTests.swift in Sources */ = {isa = PBXBuildFile; fileRef = 57B4D29827A58AE700C131E1 /* GitChartUITestsLaunchTests.swift */; };
		57C6C47427C923A900111EDE /* HomeViewModel.swift in Sources */ = {isa = PBXBuildFile; fileRef = 57C6C47327C923A900111EDE /* HomeViewModel.swift */; };
		57E94A4727B6A6E100AE826A /* BaseURL.swift in Sources */ = {isa = PBXBuildFile; fileRef = 57E94A4627B6A6E100AE826A /* BaseURL.swift */; };
		57E98B3227CBCE0C0011A00F /* ViewModelProtocol.swift in Sources */ = {isa = PBXBuildFile; fileRef = 57E98B3127CBCE0C0011A00F /* ViewModelProtocol.swift */; };
		57EF656D27CF545A00D17304 /* String.swift in Sources */ = {isa = PBXBuildFile; fileRef = 57EF656C27CF545A00D17304 /* String.swift */; };
		57F72D2227DE19C200C08D44 /* FriendsListTableViewCell.swift in Sources */ = {isa = PBXBuildFile; fileRef = 57F72D2127DE19C200C08D44 /* FriendsListTableViewCell.swift */; };
		57F72D2427DE37DC00C08D44 /* FriendViewModel.swift in Sources */ = {isa = PBXBuildFile; fileRef = 57F72D2327DE37DC00C08D44 /* FriendViewModel.swift */; };
		57F72D2627DEB1B600C08D44 /* FriendsModel.swift in Sources */ = {isa = PBXBuildFile; fileRef = 57F72D2527DEB1B600C08D44 /* FriendsModel.swift */; };
		57F72D2827DEBF9400C08D44 /* FriendsDetailVC.swift in Sources */ = {isa = PBXBuildFile; fileRef = 57F72D2727DEBF9400C08D44 /* FriendsDetailVC.swift */; };
		57F72D2A27DEEA8A00C08D44 /* FriendsDetailViewModel.swift in Sources */ = {isa = PBXBuildFile; fileRef = 57F72D2927DEEA8A00C08D44 /* FriendsDetailViewModel.swift */; };
		C57BE8A911855049E250D5D0 /* Pods_GitChart.framework in Frameworks */ = {isa = PBXBuildFile; fileRef = FBB3204BF66CF577C5B00EFF /* Pods_GitChart.framework */; };
/* End PBXBuildFile section */

/* Begin PBXContainerItemProxy section */
		57B4D28927A58AE700C131E1 /* PBXContainerItemProxy */ = {
			isa = PBXContainerItemProxy;
			containerPortal = 57B4D26A27A58AE600C131E1 /* Project object */;
			proxyType = 1;
			remoteGlobalIDString = 57B4D27127A58AE600C131E1;
			remoteInfo = GitChart;
		};
		57B4D29327A58AE700C131E1 /* PBXContainerItemProxy */ = {
			isa = PBXContainerItemProxy;
			containerPortal = 57B4D26A27A58AE600C131E1 /* Project object */;
			proxyType = 1;
			remoteGlobalIDString = 57B4D27127A58AE600C131E1;
			remoteInfo = GitChart;
		};
/* End PBXContainerItemProxy section */

/* Begin PBXFileReference section */
		121FA05A0C1B1E366B890976 /* Pods_GitChartTests.framework */ = {isa = PBXFileReference; explicitFileType = wrapper.framework; includeInIndex = 0; path = Pods_GitChartTests.framework; sourceTree = BUILT_PRODUCTS_DIR; };
		18394C5B470A7E5C28C6E46D /* Pods-GitChart-GitChartUITests.debug.xcconfig */ = {isa = PBXFileReference; includeInIndex = 1; lastKnownFileType = text.xcconfig; name = "Pods-GitChart-GitChartUITests.debug.xcconfig"; path = "Target Support Files/Pods-GitChart-GitChartUITests/Pods-GitChart-GitChartUITests.debug.xcconfig"; sourceTree = "<group>"; };
		5708673827D7885100CE4518 /* UIImageView.swift */ = {isa = PBXFileReference; lastKnownFileType = sourcecode.swift; path = UIImageView.swift; sourceTree = "<group>"; };
		5718A33827B799E100552E93 /* Api.swift */ = {isa = PBXFileReference; lastKnownFileType = sourcecode.swift; path = Api.swift; sourceTree = "<group>"; };
		5736270B27B94EF8006F0AC0 /* UserProfileModel.swift */ = {isa = PBXFileReference; lastKnownFileType = sourcecode.swift; path = UserProfileModel.swift; sourceTree = "<group>"; };
		5736270D27B95032006F0AC0 /* StarredModel.swift */ = {isa = PBXFileReference; lastKnownFileType = sourcecode.swift; path = StarredModel.swift; sourceTree = "<group>"; };
		5769231727AC168100E97A16 /* BaseViewController.swift */ = {isa = PBXFileReference; lastKnownFileType = sourcecode.swift; path = BaseViewController.swift; sourceTree = "<group>"; };
		5769231B27AED40A00E97A16 /* mainlogo.png */ = {isa = PBXFileReference; lastKnownFileType = image.png; path = mainlogo.png; sourceTree = "<group>"; };
		5769231E27AED62100E97A16 /* AssetsColor.swift */ = {isa = PBXFileReference; lastKnownFileType = sourcecode.swift; path = AssetsColor.swift; sourceTree = "<group>"; };
		5769232127B15B7300E97A16 /* HomeVC.swift */ = {isa = PBXFileReference; lastKnownFileType = sourcecode.swift; path = HomeVC.swift; sourceTree = "<group>"; };
		5769232327B16AE300E97A16 /* TabBarController.swift */ = {isa = PBXFileReference; lastKnownFileType = sourcecode.swift; path = TabBarController.swift; sourceTree = "<group>"; };
		576D101A27BA9DF400EC5CF3 /* Moya+NetworkError.swift */ = {isa = PBXFileReference; lastKnownFileType = sourcecode.swift; path = "Moya+NetworkError.swift"; sourceTree = "<group>"; };
		576D101E27BD492C00EC5CF3 /* MyAPI+Request.swift */ = {isa = PBXFileReference; lastKnownFileType = sourcecode.swift; path = "MyAPI+Request.swift"; sourceTree = "<group>"; };
		576E067527B40AEC0056B7F5 /* FriendsVC.swift */ = {isa = PBXFileReference; lastKnownFileType = sourcecode.swift; path = FriendsVC.swift; sourceTree = "<group>"; };
		576E067727B40AFD0056B7F5 /* StarVC.swift */ = {isa = PBXFileReference; lastKnownFileType = sourcecode.swift; path = StarVC.swift; sourceTree = "<group>"; };
		576E067927B40B0C0056B7F5 /* SettingVC.swift */ = {isa = PBXFileReference; lastKnownFileType = sourcecode.swift; path = SettingVC.swift; sourceTree = "<group>"; };
		5775CBAF27D9D62E0032EC91 /* StarListTableViewCell.swift */ = {isa = PBXFileReference; lastKnownFileType = sourcecode.swift; path = StarListTableViewCell.swift; sourceTree = "<group>"; };
		5775CBB127D9D8850032EC91 /* BaseTableViewCell.swift */ = {isa = PBXFileReference; lastKnownFileType = sourcecode.swift; path = BaseTableViewCell.swift; sourceTree = "<group>"; };
		5775CBB327D9EC490032EC91 /* StarViewModel.swift */ = {isa = PBXFileReference; lastKnownFileType = sourcecode.swift; path = StarViewModel.swift; sourceTree = "<group>"; };
		5775CBB527DA262A0032EC91 /* StarDetailVC.swift */ = {isa = PBXFileReference; lastKnownFileType = sourcecode.swift; path = StarDetailVC.swift; sourceTree = "<group>"; };
		5783DE8827B426CE001BE31C /* NotoSans-Bold.ttf */ = {isa = PBXFileReference; lastKnownFileType = file; path = "NotoSans-Bold.ttf"; sourceTree = "<group>"; };
		5783DE8927B426CE001BE31C /* NotoSans-Regular.ttf */ = {isa = PBXFileReference; lastKnownFileType = file; path = "NotoSans-Regular.ttf"; sourceTree = "<group>"; };
		5797946C27D6CD3D006EC8AE /* trandChart.swift */ = {isa = PBXFileReference; lastKnownFileType = sourcecode.swift; path = trandChart.swift; sourceTree = "<group>"; };
		5797946E27D70220006EC8AE /* HomeSetupConstraints.swift */ = {isa = PBXFileReference; lastKnownFileType = sourcecode.swift; path = HomeSetupConstraints.swift; sourceTree = "<group>"; };
		57A74A4727B4A86700BEA1E8 /* Fontkit.swift */ = {isa = PBXFileReference; lastKnownFileType = sourcecode.swift; path = Fontkit.swift; sourceTree = "<group>"; };
		57B4D27227A58AE600C131E1 /* GitChart.app */ = {isa = PBXFileReference; explicitFileType = wrapper.application; includeInIndex = 0; path = GitChart.app; sourceTree = BUILT_PRODUCTS_DIR; };
		57B4D27527A58AE600C131E1 /* AppDelegate.swift */ = {isa = PBXFileReference; lastKnownFileType = sourcecode.swift; path = AppDelegate.swift; sourceTree = "<group>"; };
		57B4D27727A58AE600C131E1 /* SceneDelegate.swift */ = {isa = PBXFileReference; lastKnownFileType = sourcecode.swift; path = SceneDelegate.swift; sourceTree = "<group>"; };
		57B4D27E27A58AE700C131E1 /* Assets.xcassets */ = {isa = PBXFileReference; lastKnownFileType = folder.assetcatalog; path = Assets.xcassets; sourceTree = "<group>"; };
		57B4D28127A58AE700C131E1 /* Base */ = {isa = PBXFileReference; lastKnownFileType = file.storyboard; name = Base; path = Base.lproj/LaunchScreen.storyboard; sourceTree = "<group>"; };
		57B4D28327A58AE700C131E1 /* Info.plist */ = {isa = PBXFileReference; lastKnownFileType = text.plist.xml; path = Info.plist; sourceTree = "<group>"; };
		57B4D28827A58AE700C131E1 /* GitChartTests.xctest */ = {isa = PBXFileReference; explicitFileType = wrapper.cfbundle; includeInIndex = 0; path = GitChartTests.xctest; sourceTree = BUILT_PRODUCTS_DIR; };
		57B4D28C27A58AE700C131E1 /* GitChartTests.swift */ = {isa = PBXFileReference; lastKnownFileType = sourcecode.swift; path = GitChartTests.swift; sourceTree = "<group>"; };
		57B4D29227A58AE700C131E1 /* GitChartUITests.xctest */ = {isa = PBXFileReference; explicitFileType = wrapper.cfbundle; includeInIndex = 0; path = GitChartUITests.xctest; sourceTree = BUILT_PRODUCTS_DIR; };
		57B4D29627A58AE700C131E1 /* GitChartUITests.swift */ = {isa = PBXFileReference; lastKnownFileType = sourcecode.swift; path = GitChartUITests.swift; sourceTree = "<group>"; };
		57B4D29827A58AE700C131E1 /* GitChartUITestsLaunchTests.swift */ = {isa = PBXFileReference; lastKnownFileType = sourcecode.swift; path = GitChartUITestsLaunchTests.swift; sourceTree = "<group>"; };
		57C6C47327C923A900111EDE /* HomeViewModel.swift */ = {isa = PBXFileReference; lastKnownFileType = sourcecode.swift; path = HomeViewModel.swift; sourceTree = "<group>"; };
		57E94A4627B6A6E100AE826A /* BaseURL.swift */ = {isa = PBXFileReference; lastKnownFileType = sourcecode.swift; path = BaseURL.swift; sourceTree = "<group>"; };
		57E98B3127CBCE0C0011A00F /* ViewModelProtocol.swift */ = {isa = PBXFileReference; lastKnownFileType = sourcecode.swift; path = ViewModelProtocol.swift; sourceTree = "<group>"; };
		57EF656B27CF247B00D17304 /* ko */ = {isa = PBXFileReference; lastKnownFileType = text.plist.strings; name = ko; path = ko.lproj/LaunchScreen.strings; sourceTree = "<group>"; };
		57EF656C27CF545A00D17304 /* String.swift */ = {isa = PBXFileReference; lastKnownFileType = sourcecode.swift; path = String.swift; sourceTree = "<group>"; };
		57F72D2127DE19C200C08D44 /* FriendsListTableViewCell.swift */ = {isa = PBXFileReference; lastKnownFileType = sourcecode.swift; path = FriendsListTableViewCell.swift; sourceTree = "<group>"; };
		57F72D2327DE37DC00C08D44 /* FriendViewModel.swift */ = {isa = PBXFileReference; lastKnownFileType = sourcecode.swift; path = FriendViewModel.swift; sourceTree = "<group>"; };
		57F72D2527DEB1B600C08D44 /* FriendsModel.swift */ = {isa = PBXFileReference; lastKnownFileType = sourcecode.swift; path = FriendsModel.swift; sourceTree = "<group>"; };
		57F72D2727DEBF9400C08D44 /* FriendsDetailVC.swift */ = {isa = PBXFileReference; lastKnownFileType = sourcecode.swift; path = FriendsDetailVC.swift; sourceTree = "<group>"; };
		57F72D2927DEEA8A00C08D44 /* FriendsDetailViewModel.swift */ = {isa = PBXFileReference; lastKnownFileType = sourcecode.swift; path = FriendsDetailViewModel.swift; sourceTree = "<group>"; };
		60232FEE5E823A37D1A2C0B2 /* Pods-GitChart.debug.xcconfig */ = {isa = PBXFileReference; includeInIndex = 1; lastKnownFileType = text.xcconfig; name = "Pods-GitChart.debug.xcconfig"; path = "Target Support Files/Pods-GitChart/Pods-GitChart.debug.xcconfig"; sourceTree = "<group>"; };
		658A978450FD153812961E06 /* Pods-GitChart.release.xcconfig */ = {isa = PBXFileReference; includeInIndex = 1; lastKnownFileType = text.xcconfig; name = "Pods-GitChart.release.xcconfig"; path = "Target Support Files/Pods-GitChart/Pods-GitChart.release.xcconfig"; sourceTree = "<group>"; };
		B064F521EF5DCED3E350094E /* Pods-GitChartTests.release.xcconfig */ = {isa = PBXFileReference; includeInIndex = 1; lastKnownFileType = text.xcconfig; name = "Pods-GitChartTests.release.xcconfig"; path = "Target Support Files/Pods-GitChartTests/Pods-GitChartTests.release.xcconfig"; sourceTree = "<group>"; };
		B225F86A57D602AA9335FEDF /* Pods_GitChart_GitChartUITests.framework */ = {isa = PBXFileReference; explicitFileType = wrapper.framework; includeInIndex = 0; path = Pods_GitChart_GitChartUITests.framework; sourceTree = BUILT_PRODUCTS_DIR; };
		D229FFEA9E737A34CB5E7EA4 /* Pods-GitChart-GitChartUITests.release.xcconfig */ = {isa = PBXFileReference; includeInIndex = 1; lastKnownFileType = text.xcconfig; name = "Pods-GitChart-GitChartUITests.release.xcconfig"; path = "Target Support Files/Pods-GitChart-GitChartUITests/Pods-GitChart-GitChartUITests.release.xcconfig"; sourceTree = "<group>"; };
		F22691137D0CD26D1923127C /* Pods-GitChartTests.debug.xcconfig */ = {isa = PBXFileReference; includeInIndex = 1; lastKnownFileType = text.xcconfig; name = "Pods-GitChartTests.debug.xcconfig"; path = "Target Support Files/Pods-GitChartTests/Pods-GitChartTests.debug.xcconfig"; sourceTree = "<group>"; };
		FBB3204BF66CF577C5B00EFF /* Pods_GitChart.framework */ = {isa = PBXFileReference; explicitFileType = wrapper.framework; includeInIndex = 0; path = Pods_GitChart.framework; sourceTree = BUILT_PRODUCTS_DIR; };
/* End PBXFileReference section */

/* Begin PBXFrameworksBuildPhase section */
		57B4D26F27A58AE600C131E1 /* Frameworks */ = {
			isa = PBXFrameworksBuildPhase;
			buildActionMask = 2147483647;
			files = (
				C57BE8A911855049E250D5D0 /* Pods_GitChart.framework in Frameworks */,
			);
			runOnlyForDeploymentPostprocessing = 0;
		};
		57B4D28527A58AE700C131E1 /* Frameworks */ = {
			isa = PBXFrameworksBuildPhase;
			buildActionMask = 2147483647;
			files = (
				16E406E91D6F3FE7FBCD0B2B /* Pods_GitChartTests.framework in Frameworks */,
			);
			runOnlyForDeploymentPostprocessing = 0;
		};
		57B4D28F27A58AE700C131E1 /* Frameworks */ = {
			isa = PBXFrameworksBuildPhase;
			buildActionMask = 2147483647;
			files = (
				2DFF53D8937571F188389692 /* Pods_GitChart_GitChartUITests.framework in Frameworks */,
			);
			runOnlyForDeploymentPostprocessing = 0;
		};
/* End PBXFrameworksBuildPhase section */

/* Begin PBXGroup section */
		17C7135170E9C1BBFBED1383 /* Frameworks */ = {
			isa = PBXGroup;
			children = (
				FBB3204BF66CF577C5B00EFF /* Pods_GitChart.framework */,
				B225F86A57D602AA9335FEDF /* Pods_GitChart_GitChartUITests.framework */,
				121FA05A0C1B1E366B890976 /* Pods_GitChartTests.framework */,
			);
			name = Frameworks;
			sourceTree = "<group>";
		};
		5736270A27B94EC9006F0AC0 /* Model */ = {
			isa = PBXGroup;
			children = (
				5736270B27B94EF8006F0AC0 /* UserProfileModel.swift */,
				5736270D27B95032006F0AC0 /* StarredModel.swift */,
				57F72D2527DEB1B600C08D44 /* FriendsModel.swift */,
			);
			path = Model;
			sourceTree = "<group>";
		};
		5765898827B562F500CC364F /* Hone */ = {
			isa = PBXGroup;
			children = (
				5769232127B15B7300E97A16 /* HomeVC.swift */,
				57C6C47327C923A900111EDE /* HomeViewModel.swift */,
				5797946C27D6CD3D006EC8AE /* trandChart.swift */,
				5797946E27D70220006EC8AE /* HomeSetupConstraints.swift */,
			);
			path = Hone;
			sourceTree = "<group>";
		};
		5765898927B5632500CC364F /* Friends */ = {
			isa = PBXGroup;
			children = (
				576E067527B40AEC0056B7F5 /* FriendsVC.swift */,
				57F72D2127DE19C200C08D44 /* FriendsListTableViewCell.swift */,
				57F72D2327DE37DC00C08D44 /* FriendViewModel.swift */,
				57F72D2727DEBF9400C08D44 /* FriendsDetailVC.swift */,
				57F72D2927DEEA8A00C08D44 /* FriendsDetailViewModel.swift */,
			);
			path = Friends;
			sourceTree = "<group>";
		};
		5765898A27B5633400CC364F /* Star */ = {
			isa = PBXGroup;
			children = (
				576E067727B40AFD0056B7F5 /* StarVC.swift */,
				5775CBAF27D9D62E0032EC91 /* StarListTableViewCell.swift */,
				5775CBB327D9EC490032EC91 /* StarViewModel.swift */,
				5775CBB527DA262A0032EC91 /* StarDetailVC.swift */,
			);
			path = Star;
			sourceTree = "<group>";
		};
		5765898B27B5634500CC364F /* Settings */ = {
			isa = PBXGroup;
			children = (
				576E067927B40B0C0056B7F5 /* SettingVC.swift */,
			);
			path = Settings;
			sourceTree = "<group>";
		};
		5769231427AC153100E97A16 /* Sources */ = {
			isa = PBXGroup;
			children = (
				57E98B2F27CBC63E0011A00F /* Utility */,
				57E94A4527B6A6A100AE826A /* Networking */,
				5736270A27B94EC9006F0AC0 /* Model */,
				5769232027B15B5D00E97A16 /* VC + ViewModel */,
			);
			path = Sources;
			sourceTree = "<group>";
		};
		5769231527AC153C00E97A16 /* Resources */ = {
			isa = PBXGroup;
			children = (
				576E067D27B41BBE0056B7F5 /* Font */,
				5769231D27AED60500E97A16 /* Extension */,
				57B4D27E27A58AE700C131E1 /* Assets.xcassets */,
				5769231B27AED40A00E97A16 /* mainlogo.png */,
				57B4D28027A58AE700C131E1 /* LaunchScreen.storyboard */,
				57B4D28327A58AE700C131E1 /* Info.plist */,
			);
			path = Resources;
			sourceTree = "<group>";
		};
		5769231627AC165300E97A16 /* BaseClass */ = {
			isa = PBXGroup;
			children = (
				5769231727AC168100E97A16 /* BaseViewController.swift */,
				5775CBB127D9D8850032EC91 /* BaseTableViewCell.swift */,
			);
			path = BaseClass;
			sourceTree = "<group>";
		};
		5769231D27AED60500E97A16 /* Extension */ = {
			isa = PBXGroup;
			children = (
				5769231E27AED62100E97A16 /* AssetsColor.swift */,
				57A74A4727B4A86700BEA1E8 /* Fontkit.swift */,
				57EF656C27CF545A00D17304 /* String.swift */,
				5708673827D7885100CE4518 /* UIImageView.swift */,
			);
			path = Extension;
			sourceTree = "<group>";
		};
		5769232027B15B5D00E97A16 /* VC + ViewModel */ = {
			isa = PBXGroup;
			children = (
				5765898B27B5634500CC364F /* Settings */,
				5765898A27B5633400CC364F /* Star */,
				5765898927B5632500CC364F /* Friends */,
				5765898827B562F500CC364F /* Hone */,
			);
			path = "VC + ViewModel";
			sourceTree = "<group>";
		};
		576E067D27B41BBE0056B7F5 /* Font */ = {
			isa = PBXGroup;
			children = (
				5783DE8827B426CE001BE31C /* NotoSans-Bold.ttf */,
				5783DE8927B426CE001BE31C /* NotoSans-Regular.ttf */,
			);
			path = Font;
			sourceTree = "<group>";
		};
		57B4D26927A58AE600C131E1 = {
			isa = PBXGroup;
			children = (
				57B4D27427A58AE600C131E1 /* GitChart */,
				57B4D28B27A58AE700C131E1 /* GitChartTests */,
				57B4D29527A58AE700C131E1 /* GitChartUITests */,
				57B4D27327A58AE600C131E1 /* Products */,
				AE63C009058C0372FA032ABA /* Pods */,
				17C7135170E9C1BBFBED1383 /* Frameworks */,
			);
			sourceTree = "<group>";
		};
		57B4D27327A58AE600C131E1 /* Products */ = {
			isa = PBXGroup;
			children = (
				57B4D27227A58AE600C131E1 /* GitChart.app */,
				57B4D28827A58AE700C131E1 /* GitChartTests.xctest */,
				57B4D29227A58AE700C131E1 /* GitChartUITests.xctest */,
			);
			name = Products;
			sourceTree = "<group>";
		};
		57B4D27427A58AE600C131E1 /* GitChart */ = {
			isa = PBXGroup;
			children = (
				5769231427AC153100E97A16 /* Sources */,
				5769231527AC153C00E97A16 /* Resources */,
			);
			path = GitChart;
			sourceTree = "<group>";
		};
		57B4D28B27A58AE700C131E1 /* GitChartTests */ = {
			isa = PBXGroup;
			children = (
				57B4D28C27A58AE700C131E1 /* GitChartTests.swift */,
			);
			path = GitChartTests;
			sourceTree = "<group>";
		};
		57B4D29527A58AE700C131E1 /* GitChartUITests */ = {
			isa = PBXGroup;
			children = (
				57B4D29627A58AE700C131E1 /* GitChartUITests.swift */,
				57B4D29827A58AE700C131E1 /* GitChartUITestsLaunchTests.swift */,
			);
			path = GitChartUITests;
			sourceTree = "<group>";
		};
		57E94A4527B6A6A100AE826A /* Networking */ = {
			isa = PBXGroup;
			children = (
				57E94A4627B6A6E100AE826A /* BaseURL.swift */,
				5718A33827B799E100552E93 /* Api.swift */,
				576D101A27BA9DF400EC5CF3 /* Moya+NetworkError.swift */,
				576D101E27BD492C00EC5CF3 /* MyAPI+Request.swift */,
			);
			path = Networking;
			sourceTree = "<group>";
		};
		57E98B2F27CBC63E0011A00F /* Utility */ = {
			isa = PBXGroup;
			children = (
				57B4D27527A58AE600C131E1 /* AppDelegate.swift */,
				57B4D27727A58AE600C131E1 /* SceneDelegate.swift */,
				5769232327B16AE300E97A16 /* TabBarController.swift */,
				57E98B3127CBCE0C0011A00F /* ViewModelProtocol.swift */,
				5769231627AC165300E97A16 /* BaseClass */,
			);
			path = Utility;
			sourceTree = "<group>";
		};
		AE63C009058C0372FA032ABA /* Pods */ = {
			isa = PBXGroup;
			children = (
				60232FEE5E823A37D1A2C0B2 /* Pods-GitChart.debug.xcconfig */,
				658A978450FD153812961E06 /* Pods-GitChart.release.xcconfig */,
				18394C5B470A7E5C28C6E46D /* Pods-GitChart-GitChartUITests.debug.xcconfig */,
				D229FFEA9E737A34CB5E7EA4 /* Pods-GitChart-GitChartUITests.release.xcconfig */,
				F22691137D0CD26D1923127C /* Pods-GitChartTests.debug.xcconfig */,
				B064F521EF5DCED3E350094E /* Pods-GitChartTests.release.xcconfig */,
			);
			path = Pods;
			sourceTree = "<group>";
		};
/* End PBXGroup section */

/* Begin PBXNativeTarget section */
		57B4D27127A58AE600C131E1 /* GitChart */ = {
			isa = PBXNativeTarget;
			buildConfigurationList = 57B4D29C27A58AE700C131E1 /* Build configuration list for PBXNativeTarget "GitChart" */;
			buildPhases = (
				E26B17D616EDEE6A6C8E80B8 /* [CP] Check Pods Manifest.lock */,
				57B4D26E27A58AE600C131E1 /* Sources */,
				57B4D26F27A58AE600C131E1 /* Frameworks */,
				57B4D27027A58AE600C131E1 /* Resources */,
				D9DBC3D2B3A5DCCD99687A27 /* [CP] Embed Pods Frameworks */,
			);
			buildRules = (
			);
			dependencies = (
			);
			name = GitChart;
			productName = GitChart;
			productReference = 57B4D27227A58AE600C131E1 /* GitChart.app */;
			productType = "com.apple.product-type.application";
		};
		57B4D28727A58AE700C131E1 /* GitChartTests */ = {
			isa = PBXNativeTarget;
			buildConfigurationList = 57B4D29F27A58AE700C131E1 /* Build configuration list for PBXNativeTarget "GitChartTests" */;
			buildPhases = (
				FDBE838A3091FD4077BC0A07 /* [CP] Check Pods Manifest.lock */,
				57B4D28427A58AE700C131E1 /* Sources */,
				57B4D28527A58AE700C131E1 /* Frameworks */,
				57B4D28627A58AE700C131E1 /* Resources */,
			);
			buildRules = (
			);
			dependencies = (
				57B4D28A27A58AE700C131E1 /* PBXTargetDependency */,
			);
			name = GitChartTests;
			productName = GitChartTests;
			productReference = 57B4D28827A58AE700C131E1 /* GitChartTests.xctest */;
			productType = "com.apple.product-type.bundle.unit-test";
		};
		57B4D29127A58AE700C131E1 /* GitChartUITests */ = {
			isa = PBXNativeTarget;
			buildConfigurationList = 57B4D2A227A58AE700C131E1 /* Build configuration list for PBXNativeTarget "GitChartUITests" */;
			buildPhases = (
				75DE7653CAA991B0A59CBCF0 /* [CP] Check Pods Manifest.lock */,
				57B4D28E27A58AE700C131E1 /* Sources */,
				57B4D28F27A58AE700C131E1 /* Frameworks */,
				57B4D29027A58AE700C131E1 /* Resources */,
				EDB9906A81EBE3345EC69303 /* [CP] Embed Pods Frameworks */,
			);
			buildRules = (
			);
			dependencies = (
				57B4D29427A58AE700C131E1 /* PBXTargetDependency */,
			);
			name = GitChartUITests;
			productName = GitChartUITests;
			productReference = 57B4D29227A58AE700C131E1 /* GitChartUITests.xctest */;
			productType = "com.apple.product-type.bundle.ui-testing";
		};
/* End PBXNativeTarget section */

/* Begin PBXProject section */
		57B4D26A27A58AE600C131E1 /* Project object */ = {
			isa = PBXProject;
			attributes = {
				BuildIndependentTargetsInParallel = 1;
				LastSwiftUpdateCheck = 1320;
				LastUpgradeCheck = 1320;
				TargetAttributes = {
					57B4D27127A58AE600C131E1 = {
						CreatedOnToolsVersion = 13.2.1;
					};
					57B4D28727A58AE700C131E1 = {
						CreatedOnToolsVersion = 13.2.1;
						TestTargetID = 57B4D27127A58AE600C131E1;
					};
					57B4D29127A58AE700C131E1 = {
						CreatedOnToolsVersion = 13.2.1;
						TestTargetID = 57B4D27127A58AE600C131E1;
					};
				};
			};
			buildConfigurationList = 57B4D26D27A58AE600C131E1 /* Build configuration list for PBXProject "GitChart" */;
			compatibilityVersion = "Xcode 13.0";
			developmentRegion = en;
			hasScannedForEncodings = 0;
			knownRegions = (
				en,
				Base,
				ko,
			);
			mainGroup = 57B4D26927A58AE600C131E1;
			productRefGroup = 57B4D27327A58AE600C131E1 /* Products */;
			projectDirPath = "";
			projectRoot = "";
			targets = (
				57B4D27127A58AE600C131E1 /* GitChart */,
				57B4D28727A58AE700C131E1 /* GitChartTests */,
				57B4D29127A58AE700C131E1 /* GitChartUITests */,
			);
		};
/* End PBXProject section */

/* Begin PBXResourcesBuildPhase section */
		57B4D27027A58AE600C131E1 /* Resources */ = {
			isa = PBXResourcesBuildPhase;
			buildActionMask = 2147483647;
			files = (
				5783DE9827B42C6F001BE31C /* NotoSans-Regular.ttf in Resources */,
				5783DE9727B42C68001BE31C /* NotoSans-Bold.ttf in Resources */,
				57B4D28227A58AE700C131E1 /* LaunchScreen.storyboard in Resources */,
				57B4D27F27A58AE700C131E1 /* Assets.xcassets in Resources */,
				5769231C27AED40A00E97A16 /* mainlogo.png in Resources */,
			);
			runOnlyForDeploymentPostprocessing = 0;
		};
		57B4D28627A58AE700C131E1 /* Resources */ = {
			isa = PBXResourcesBuildPhase;
			buildActionMask = 2147483647;
			files = (
				5783DE9527B42994001BE31C /* NotoSans-Regular.ttf in Resources */,
				5783DE9327B42989001BE31C /* NotoSans-Bold.ttf in Resources */,
			);
			runOnlyForDeploymentPostprocessing = 0;
		};
		57B4D29027A58AE700C131E1 /* Resources */ = {
			isa = PBXResourcesBuildPhase;
			buildActionMask = 2147483647;
			files = (
				5783DE9627B42994001BE31C /* NotoSans-Regular.ttf in Resources */,
				5783DE9427B4298A001BE31C /* NotoSans-Bold.ttf in Resources */,
			);
			runOnlyForDeploymentPostprocessing = 0;
		};
/* End PBXResourcesBuildPhase section */

/* Begin PBXShellScriptBuildPhase section */
		75DE7653CAA991B0A59CBCF0 /* [CP] Check Pods Manifest.lock */ = {
			isa = PBXShellScriptBuildPhase;
			buildActionMask = 2147483647;
			files = (
			);
			inputFileListPaths = (
			);
			inputPaths = (
				"${PODS_PODFILE_DIR_PATH}/Podfile.lock",
				"${PODS_ROOT}/Manifest.lock",
			);
			name = "[CP] Check Pods Manifest.lock";
			outputFileListPaths = (
			);
			outputPaths = (
				"$(DERIVED_FILE_DIR)/Pods-GitChart-GitChartUITests-checkManifestLockResult.txt",
			);
			runOnlyForDeploymentPostprocessing = 0;
			shellPath = /bin/sh;
			shellScript = "diff \"${PODS_PODFILE_DIR_PATH}/Podfile.lock\" \"${PODS_ROOT}/Manifest.lock\" > /dev/null\nif [ $? != 0 ] ; then\n    # print error to STDERR\n    echo \"error: The sandbox is not in sync with the Podfile.lock. Run 'pod install' or update your CocoaPods installation.\" >&2\n    exit 1\nfi\n# This output is used by Xcode 'outputs' to avoid re-running this script phase.\necho \"SUCCESS\" > \"${SCRIPT_OUTPUT_FILE_0}\"\n";
			showEnvVarsInLog = 0;
		};
		D9DBC3D2B3A5DCCD99687A27 /* [CP] Embed Pods Frameworks */ = {
			isa = PBXShellScriptBuildPhase;
			buildActionMask = 2147483647;
			files = (
			);
			inputFileListPaths = (
				"${PODS_ROOT}/Target Support Files/Pods-GitChart/Pods-GitChart-frameworks-${CONFIGURATION}-input-files.xcfilelist",
			);
			name = "[CP] Embed Pods Frameworks";
			outputFileListPaths = (
				"${PODS_ROOT}/Target Support Files/Pods-GitChart/Pods-GitChart-frameworks-${CONFIGURATION}-output-files.xcfilelist",
			);
			runOnlyForDeploymentPostprocessing = 0;
			shellPath = /bin/sh;
			shellScript = "\"${PODS_ROOT}/Target Support Files/Pods-GitChart/Pods-GitChart-frameworks.sh\"\n";
			showEnvVarsInLog = 0;
		};
		E26B17D616EDEE6A6C8E80B8 /* [CP] Check Pods Manifest.lock */ = {
			isa = PBXShellScriptBuildPhase;
			buildActionMask = 2147483647;
			files = (
			);
			inputFileListPaths = (
			);
			inputPaths = (
				"${PODS_PODFILE_DIR_PATH}/Podfile.lock",
				"${PODS_ROOT}/Manifest.lock",
			);
			name = "[CP] Check Pods Manifest.lock";
			outputFileListPaths = (
			);
			outputPaths = (
				"$(DERIVED_FILE_DIR)/Pods-GitChart-checkManifestLockResult.txt",
			);
			runOnlyForDeploymentPostprocessing = 0;
			shellPath = /bin/sh;
			shellScript = "diff \"${PODS_PODFILE_DIR_PATH}/Podfile.lock\" \"${PODS_ROOT}/Manifest.lock\" > /dev/null\nif [ $? != 0 ] ; then\n    # print error to STDERR\n    echo \"error: The sandbox is not in sync with the Podfile.lock. Run 'pod install' or update your CocoaPods installation.\" >&2\n    exit 1\nfi\n# This output is used by Xcode 'outputs' to avoid re-running this script phase.\necho \"SUCCESS\" > \"${SCRIPT_OUTPUT_FILE_0}\"\n";
			showEnvVarsInLog = 0;
		};
		EDB9906A81EBE3345EC69303 /* [CP] Embed Pods Frameworks */ = {
			isa = PBXShellScriptBuildPhase;
			buildActionMask = 2147483647;
			files = (
			);
			inputFileListPaths = (
				"${PODS_ROOT}/Target Support Files/Pods-GitChart-GitChartUITests/Pods-GitChart-GitChartUITests-frameworks-${CONFIGURATION}-input-files.xcfilelist",
			);
			name = "[CP] Embed Pods Frameworks";
			outputFileListPaths = (
				"${PODS_ROOT}/Target Support Files/Pods-GitChart-GitChartUITests/Pods-GitChart-GitChartUITests-frameworks-${CONFIGURATION}-output-files.xcfilelist",
			);
			runOnlyForDeploymentPostprocessing = 0;
			shellPath = /bin/sh;
			shellScript = "\"${PODS_ROOT}/Target Support Files/Pods-GitChart-GitChartUITests/Pods-GitChart-GitChartUITests-frameworks.sh\"\n";
			showEnvVarsInLog = 0;
		};
		FDBE838A3091FD4077BC0A07 /* [CP] Check Pods Manifest.lock */ = {
			isa = PBXShellScriptBuildPhase;
			buildActionMask = 2147483647;
			files = (
			);
			inputFileListPaths = (
			);
			inputPaths = (
				"${PODS_PODFILE_DIR_PATH}/Podfile.lock",
				"${PODS_ROOT}/Manifest.lock",
			);
			name = "[CP] Check Pods Manifest.lock";
			outputFileListPaths = (
			);
			outputPaths = (
				"$(DERIVED_FILE_DIR)/Pods-GitChartTests-checkManifestLockResult.txt",
			);
			runOnlyForDeploymentPostprocessing = 0;
			shellPath = /bin/sh;
			shellScript = "diff \"${PODS_PODFILE_DIR_PATH}/Podfile.lock\" \"${PODS_ROOT}/Manifest.lock\" > /dev/null\nif [ $? != 0 ] ; then\n    # print error to STDERR\n    echo \"error: The sandbox is not in sync with the Podfile.lock. Run 'pod install' or update your CocoaPods installation.\" >&2\n    exit 1\nfi\n# This output is used by Xcode 'outputs' to avoid re-running this script phase.\necho \"SUCCESS\" > \"${SCRIPT_OUTPUT_FILE_0}\"\n";
			showEnvVarsInLog = 0;
		};
/* End PBXShellScriptBuildPhase section */

/* Begin PBXSourcesBuildPhase section */
		57B4D26E27A58AE600C131E1 /* Sources */ = {
			isa = PBXSourcesBuildPhase;
			buildActionMask = 2147483647;
			files = (
				57EF656D27CF545A00D17304 /* String.swift in Sources */,
				57C6C47427C923A900111EDE /* HomeViewModel.swift in Sources */,
				576E067627B40AEC0056B7F5 /* FriendsVC.swift in Sources */,
				576E067A27B40B0C0056B7F5 /* SettingVC.swift in Sources */,
				576D101B27BA9DF400EC5CF3 /* Moya+NetworkError.swift in Sources */,
				57B4D27627A58AE600C131E1 /* AppDelegate.swift in Sources */,
				5708673927D7885100CE4518 /* UIImageView.swift in Sources */,
				57F72D2827DEBF9400C08D44 /* FriendsDetailVC.swift in Sources */,
				576E067827B40AFD0056B7F5 /* StarVC.swift in Sources */,
				57E94A4727B6A6E100AE826A /* BaseURL.swift in Sources */,
				5775CBB627DA262A0032EC91 /* StarDetailVC.swift in Sources */,
				5736270E27B95032006F0AC0 /* StarredModel.swift in Sources */,
				57E98B3227CBCE0C0011A00F /* ViewModelProtocol.swift in Sources */,
				5797946F27D70220006EC8AE /* HomeSetupConstraints.swift in Sources */,
				5769232227B15B7300E97A16 /* HomeVC.swift in Sources */,
				5736270C27B94EF8006F0AC0 /* UserProfileModel.swift in Sources */,
				5718A33927B799E100552E93 /* Api.swift in Sources */,
				57F72D2427DE37DC00C08D44 /* FriendViewModel.swift in Sources */,
				57F72D2A27DEEA8A00C08D44 /* FriendsDetailViewModel.swift in Sources */,
				5775CBB027D9D62E0032EC91 /* StarListTableViewCell.swift in Sources */,
				5775CBB427D9EC490032EC91 /* StarViewModel.swift in Sources */,
				5775CBB227D9D8850032EC91 /* BaseTableViewCell.swift in Sources */,
				57A74A4827B4A86700BEA1E8 /* Fontkit.swift in Sources */,
				5797946D27D6CD3D006EC8AE /* trandChart.swift in Sources */,
				57F72D2227DE19C200C08D44 /* FriendsListTableViewCell.swift in Sources */,
				57B4D27827A58AE600C131E1 /* SceneDelegate.swift in Sources */,
				576D101F27BD492C00EC5CF3 /* MyAPI+Request.swift in Sources */,
				5769232427B16AE300E97A16 /* TabBarController.swift in Sources */,
				5769231F27AED62100E97A16 /* AssetsColor.swift in Sources */,
				57F72D2627DEB1B600C08D44 /* FriendsModel.swift in Sources */,
				5769231827AC168100E97A16 /* BaseViewController.swift in Sources */,
			);
			runOnlyForDeploymentPostprocessing = 0;
		};
		57B4D28427A58AE700C131E1 /* Sources */ = {
			isa = PBXSourcesBuildPhase;
			buildActionMask = 2147483647;
			files = (
				57B4D28D27A58AE700C131E1 /* GitChartTests.swift in Sources */,
			);
			runOnlyForDeploymentPostprocessing = 0;
		};
		57B4D28E27A58AE700C131E1 /* Sources */ = {
			isa = PBXSourcesBuildPhase;
			buildActionMask = 2147483647;
			files = (
				57B4D29927A58AE700C131E1 /* GitChartUITestsLaunchTests.swift in Sources */,
				57B4D29727A58AE700C131E1 /* GitChartUITests.swift in Sources */,
			);
			runOnlyForDeploymentPostprocessing = 0;
		};
/* End PBXSourcesBuildPhase section */

/* Begin PBXTargetDependency section */
		57B4D28A27A58AE700C131E1 /* PBXTargetDependency */ = {
			isa = PBXTargetDependency;
			target = 57B4D27127A58AE600C131E1 /* GitChart */;
			targetProxy = 57B4D28927A58AE700C131E1 /* PBXContainerItemProxy */;
		};
		57B4D29427A58AE700C131E1 /* PBXTargetDependency */ = {
			isa = PBXTargetDependency;
			target = 57B4D27127A58AE600C131E1 /* GitChart */;
			targetProxy = 57B4D29327A58AE700C131E1 /* PBXContainerItemProxy */;
		};
/* End PBXTargetDependency section */

/* Begin PBXVariantGroup section */
		57B4D28027A58AE700C131E1 /* LaunchScreen.storyboard */ = {
			isa = PBXVariantGroup;
			children = (
				57B4D28127A58AE700C131E1 /* Base */,
				57EF656B27CF247B00D17304 /* ko */,
			);
			name = LaunchScreen.storyboard;
			sourceTree = "<group>";
		};
/* End PBXVariantGroup section */

/* Begin XCBuildConfiguration section */
		57B4D29A27A58AE700C131E1 /* Debug */ = {
			isa = XCBuildConfiguration;
			buildSettings = {
				ALWAYS_SEARCH_USER_PATHS = NO;
				CLANG_ANALYZER_LOCALIZABILITY_NONLOCALIZED = YES;
				CLANG_ANALYZER_NONNULL = YES;
				CLANG_ANALYZER_NUMBER_OBJECT_CONVERSION = YES_AGGRESSIVE;
				CLANG_CXX_LANGUAGE_STANDARD = "gnu++17";
				CLANG_CXX_LIBRARY = "libc++";
				CLANG_ENABLE_MODULES = YES;
				CLANG_ENABLE_OBJC_ARC = YES;
				CLANG_ENABLE_OBJC_WEAK = YES;
				CLANG_WARN_BLOCK_CAPTURE_AUTORELEASING = YES;
				CLANG_WARN_BOOL_CONVERSION = YES;
				CLANG_WARN_COMMA = YES;
				CLANG_WARN_CONSTANT_CONVERSION = YES;
				CLANG_WARN_DEPRECATED_OBJC_IMPLEMENTATIONS = YES;
				CLANG_WARN_DIRECT_OBJC_ISA_USAGE = YES_ERROR;
				CLANG_WARN_DOCUMENTATION_COMMENTS = YES;
				CLANG_WARN_EMPTY_BODY = YES;
				CLANG_WARN_ENUM_CONVERSION = YES;
				CLANG_WARN_INFINITE_RECURSION = YES;
				CLANG_WARN_INT_CONVERSION = YES;
				CLANG_WARN_NON_LITERAL_NULL_CONVERSION = YES;
				CLANG_WARN_OBJC_IMPLICIT_RETAIN_SELF = YES;
				CLANG_WARN_OBJC_LITERAL_CONVERSION = YES;
				CLANG_WARN_OBJC_ROOT_CLASS = YES_ERROR;
				CLANG_WARN_QUOTED_INCLUDE_IN_FRAMEWORK_HEADER = YES;
				CLANG_WARN_RANGE_LOOP_ANALYSIS = YES;
				CLANG_WARN_STRICT_PROTOTYPES = YES;
				CLANG_WARN_SUSPICIOUS_MOVE = YES;
				CLANG_WARN_UNGUARDED_AVAILABILITY = YES_AGGRESSIVE;
				CLANG_WARN_UNREACHABLE_CODE = YES;
				CLANG_WARN__DUPLICATE_METHOD_MATCH = YES;
				COPY_PHASE_STRIP = NO;
				DEBUG_INFORMATION_FORMAT = dwarf;
				ENABLE_STRICT_OBJC_MSGSEND = YES;
				ENABLE_TESTABILITY = YES;
				GCC_C_LANGUAGE_STANDARD = gnu11;
				GCC_DYNAMIC_NO_PIC = NO;
				GCC_NO_COMMON_BLOCKS = YES;
				GCC_OPTIMIZATION_LEVEL = 0;
				GCC_PREPROCESSOR_DEFINITIONS = (
					"DEBUG=1",
					"$(inherited)",
				);
				GCC_WARN_64_TO_32_BIT_CONVERSION = YES;
				GCC_WARN_ABOUT_RETURN_TYPE = YES_ERROR;
				GCC_WARN_UNDECLARED_SELECTOR = YES;
				GCC_WARN_UNINITIALIZED_AUTOS = YES_AGGRESSIVE;
				GCC_WARN_UNUSED_FUNCTION = YES;
				GCC_WARN_UNUSED_VARIABLE = YES;
				IPHONEOS_DEPLOYMENT_TARGET = 15.2;
				MTL_ENABLE_DEBUG_INFO = INCLUDE_SOURCE;
				MTL_FAST_MATH = YES;
				ONLY_ACTIVE_ARCH = YES;
				SDKROOT = iphoneos;
				SWIFT_ACTIVE_COMPILATION_CONDITIONS = DEBUG;
				SWIFT_OPTIMIZATION_LEVEL = "-Onone";
			};
			name = Debug;
		};
		57B4D29B27A58AE700C131E1 /* Release */ = {
			isa = XCBuildConfiguration;
			buildSettings = {
				ALWAYS_SEARCH_USER_PATHS = NO;
				CLANG_ANALYZER_LOCALIZABILITY_NONLOCALIZED = YES;
				CLANG_ANALYZER_NONNULL = YES;
				CLANG_ANALYZER_NUMBER_OBJECT_CONVERSION = YES_AGGRESSIVE;
				CLANG_CXX_LANGUAGE_STANDARD = "gnu++17";
				CLANG_CXX_LIBRARY = "libc++";
				CLANG_ENABLE_MODULES = YES;
				CLANG_ENABLE_OBJC_ARC = YES;
				CLANG_ENABLE_OBJC_WEAK = YES;
				CLANG_WARN_BLOCK_CAPTURE_AUTORELEASING = YES;
				CLANG_WARN_BOOL_CONVERSION = YES;
				CLANG_WARN_COMMA = YES;
				CLANG_WARN_CONSTANT_CONVERSION = YES;
				CLANG_WARN_DEPRECATED_OBJC_IMPLEMENTATIONS = YES;
				CLANG_WARN_DIRECT_OBJC_ISA_USAGE = YES_ERROR;
				CLANG_WARN_DOCUMENTATION_COMMENTS = YES;
				CLANG_WARN_EMPTY_BODY = YES;
				CLANG_WARN_ENUM_CONVERSION = YES;
				CLANG_WARN_INFINITE_RECURSION = YES;
				CLANG_WARN_INT_CONVERSION = YES;
				CLANG_WARN_NON_LITERAL_NULL_CONVERSION = YES;
				CLANG_WARN_OBJC_IMPLICIT_RETAIN_SELF = YES;
				CLANG_WARN_OBJC_LITERAL_CONVERSION = YES;
				CLANG_WARN_OBJC_ROOT_CLASS = YES_ERROR;
				CLANG_WARN_QUOTED_INCLUDE_IN_FRAMEWORK_HEADER = YES;
				CLANG_WARN_RANGE_LOOP_ANALYSIS = YES;
				CLANG_WARN_STRICT_PROTOTYPES = YES;
				CLANG_WARN_SUSPICIOUS_MOVE = YES;
				CLANG_WARN_UNGUARDED_AVAILABILITY = YES_AGGRESSIVE;
				CLANG_WARN_UNREACHABLE_CODE = YES;
				CLANG_WARN__DUPLICATE_METHOD_MATCH = YES;
				COPY_PHASE_STRIP = NO;
				DEBUG_INFORMATION_FORMAT = "dwarf-with-dsym";
				ENABLE_NS_ASSERTIONS = NO;
				ENABLE_STRICT_OBJC_MSGSEND = YES;
				GCC_C_LANGUAGE_STANDARD = gnu11;
				GCC_NO_COMMON_BLOCKS = YES;
				GCC_WARN_64_TO_32_BIT_CONVERSION = YES;
				GCC_WARN_ABOUT_RETURN_TYPE = YES_ERROR;
				GCC_WARN_UNDECLARED_SELECTOR = YES;
				GCC_WARN_UNINITIALIZED_AUTOS = YES_AGGRESSIVE;
				GCC_WARN_UNUSED_FUNCTION = YES;
				GCC_WARN_UNUSED_VARIABLE = YES;
				IPHONEOS_DEPLOYMENT_TARGET = 15.2;
				MTL_ENABLE_DEBUG_INFO = NO;
				MTL_FAST_MATH = YES;
				SDKROOT = iphoneos;
				SWIFT_COMPILATION_MODE = wholemodule;
				SWIFT_OPTIMIZATION_LEVEL = "-O";
				VALIDATE_PRODUCT = YES;
			};
			name = Release;
		};
		57B4D29D27A58AE700C131E1 /* Debug */ = {
			isa = XCBuildConfiguration;
			baseConfigurationReference = 60232FEE5E823A37D1A2C0B2 /* Pods-GitChart.debug.xcconfig */;
			buildSettings = {
				ASSETCATALOG_COMPILER_APPICON_NAME = AppIcon;
				ASSETCATALOG_COMPILER_GLOBAL_ACCENT_COLOR_NAME = AccentColor;
				CODE_SIGN_STYLE = Automatic;
				CURRENT_PROJECT_VERSION = 1;
				DEVELOPMENT_TEAM = Z25H7B85Z8;
				GENERATE_INFOPLIST_FILE = YES;
				INFOPLIST_FILE = GitChart/Resources/Info.plist;
				INFOPLIST_KEY_UIApplicationSupportsIndirectInputEvents = YES;
				INFOPLIST_KEY_UILaunchStoryboardName = LaunchScreen;
				INFOPLIST_KEY_UISupportedInterfaceOrientations_iPad = "UIInterfaceOrientationPortrait UIInterfaceOrientationPortraitUpsideDown UIInterfaceOrientationLandscapeLeft UIInterfaceOrientationLandscapeRight";
				INFOPLIST_KEY_UISupportedInterfaceOrientations_iPhone = "UIInterfaceOrientationPortrait UIInterfaceOrientationLandscapeLeft UIInterfaceOrientationLandscapeRight";
				LD_RUNPATH_SEARCH_PATHS = (
					"$(inherited)",
					"@executable_path/Frameworks",
				);
				MARKETING_VERSION = 1.0;
				PRODUCT_BUNDLE_IDENTIFIER = com.rich.GitChart;
				PRODUCT_NAME = "$(TARGET_NAME)";
				SWIFT_EMIT_LOC_STRINGS = YES;
				SWIFT_VERSION = 5.0;
				TARGETED_DEVICE_FAMILY = 1;
			};
			name = Debug;
		};
		57B4D29E27A58AE700C131E1 /* Release */ = {
			isa = XCBuildConfiguration;
			baseConfigurationReference = 658A978450FD153812961E06 /* Pods-GitChart.release.xcconfig */;
			buildSettings = {
				ASSETCATALOG_COMPILER_APPICON_NAME = AppIcon;
				ASSETCATALOG_COMPILER_GLOBAL_ACCENT_COLOR_NAME = AccentColor;
				CODE_SIGN_STYLE = Automatic;
				CURRENT_PROJECT_VERSION = 1;
				DEVELOPMENT_TEAM = Z25H7B85Z8;
				GENERATE_INFOPLIST_FILE = YES;
				INFOPLIST_FILE = GitChart/Resources/Info.plist;
				INFOPLIST_KEY_UIApplicationSupportsIndirectInputEvents = YES;
				INFOPLIST_KEY_UILaunchStoryboardName = LaunchScreen;
				INFOPLIST_KEY_UISupportedInterfaceOrientations_iPad = "UIInterfaceOrientationPortrait UIInterfaceOrientationPortraitUpsideDown UIInterfaceOrientationLandscapeLeft UIInterfaceOrientationLandscapeRight";
				INFOPLIST_KEY_UISupportedInterfaceOrientations_iPhone = "UIInterfaceOrientationPortrait UIInterfaceOrientationLandscapeLeft UIInterfaceOrientationLandscapeRight";
				LD_RUNPATH_SEARCH_PATHS = (
					"$(inherited)",
					"@executable_path/Frameworks",
				);
				MARKETING_VERSION = 1.0;
				PRODUCT_BUNDLE_IDENTIFIER = com.rich.GitChart;
				PRODUCT_NAME = "$(TARGET_NAME)";
				SWIFT_EMIT_LOC_STRINGS = YES;
				SWIFT_VERSION = 5.0;
				TARGETED_DEVICE_FAMILY = 1;
			};
			name = Release;
		};
		57B4D2A027A58AE700C131E1 /* Debug */ = {
			isa = XCBuildConfiguration;
			baseConfigurationReference = F22691137D0CD26D1923127C /* Pods-GitChartTests.debug.xcconfig */;
			buildSettings = {
				ALWAYS_EMBED_SWIFT_STANDARD_LIBRARIES = YES;
				BUNDLE_LOADER = "$(TEST_HOST)";
				CODE_SIGN_STYLE = Automatic;
				CURRENT_PROJECT_VERSION = 1;
				DEVELOPMENT_TEAM = Z25H7B85Z8;
				GENERATE_INFOPLIST_FILE = YES;
				IPHONEOS_DEPLOYMENT_TARGET = 15.2;
				MARKETING_VERSION = 1.0;
				PRODUCT_BUNDLE_IDENTIFIER = com.rich.GitChartTests;
				PRODUCT_NAME = "$(TARGET_NAME)";
				SWIFT_EMIT_LOC_STRINGS = NO;
				SWIFT_VERSION = 5.0;
				TARGETED_DEVICE_FAMILY = "1,2";
				TEST_HOST = "$(BUILT_PRODUCTS_DIR)/GitChart.app/GitChart";
			};
			name = Debug;
		};
		57B4D2A127A58AE700C131E1 /* Release */ = {
			isa = XCBuildConfiguration;
			baseConfigurationReference = B064F521EF5DCED3E350094E /* Pods-GitChartTests.release.xcconfig */;
			buildSettings = {
				ALWAYS_EMBED_SWIFT_STANDARD_LIBRARIES = YES;
				BUNDLE_LOADER = "$(TEST_HOST)";
				CODE_SIGN_STYLE = Automatic;
				CURRENT_PROJECT_VERSION = 1;
				DEVELOPMENT_TEAM = Z25H7B85Z8;
				GENERATE_INFOPLIST_FILE = YES;
				IPHONEOS_DEPLOYMENT_TARGET = 15.2;
				MARKETING_VERSION = 1.0;
				PRODUCT_BUNDLE_IDENTIFIER = com.rich.GitChartTests;
				PRODUCT_NAME = "$(TARGET_NAME)";
				SWIFT_EMIT_LOC_STRINGS = NO;
				SWIFT_VERSION = 5.0;
				TARGETED_DEVICE_FAMILY = "1,2";
				TEST_HOST = "$(BUILT_PRODUCTS_DIR)/GitChart.app/GitChart";
			};
			name = Release;
		};
		57B4D2A327A58AE700C131E1 /* Debug */ = {
			isa = XCBuildConfiguration;
			baseConfigurationReference = 18394C5B470A7E5C28C6E46D /* Pods-GitChart-GitChartUITests.debug.xcconfig */;
			buildSettings = {
				ALWAYS_EMBED_SWIFT_STANDARD_LIBRARIES = YES;
				CODE_SIGN_STYLE = Automatic;
				CURRENT_PROJECT_VERSION = 1;
				DEVELOPMENT_TEAM = Z25H7B85Z8;
				GENERATE_INFOPLIST_FILE = YES;
				MARKETING_VERSION = 1.0;
				PRODUCT_BUNDLE_IDENTIFIER = com.rich.GitChartUITests;
				PRODUCT_NAME = "$(TARGET_NAME)";
				SWIFT_EMIT_LOC_STRINGS = NO;
				SWIFT_VERSION = 5.0;
				TARGETED_DEVICE_FAMILY = "1,2";
				TEST_TARGET_NAME = GitChart;
			};
			name = Debug;
		};
		57B4D2A427A58AE700C131E1 /* Release */ = {
			isa = XCBuildConfiguration;
			baseConfigurationReference = D229FFEA9E737A34CB5E7EA4 /* Pods-GitChart-GitChartUITests.release.xcconfig */;
			buildSettings = {
				ALWAYS_EMBED_SWIFT_STANDARD_LIBRARIES = YES;
				CODE_SIGN_STYLE = Automatic;
				CURRENT_PROJECT_VERSION = 1;
				DEVELOPMENT_TEAM = Z25H7B85Z8;
				GENERATE_INFOPLIST_FILE = YES;
				MARKETING_VERSION = 1.0;
				PRODUCT_BUNDLE_IDENTIFIER = com.rich.GitChartUITests;
				PRODUCT_NAME = "$(TARGET_NAME)";
				SWIFT_EMIT_LOC_STRINGS = NO;
				SWIFT_VERSION = 5.0;
				TARGETED_DEVICE_FAMILY = "1,2";
				TEST_TARGET_NAME = GitChart;
			};
			name = Release;
		};
/* End XCBuildConfiguration section */

/* Begin XCConfigurationList section */
		57B4D26D27A58AE600C131E1 /* Build configuration list for PBXProject "GitChart" */ = {
			isa = XCConfigurationList;
			buildConfigurations = (
				57B4D29A27A58AE700C131E1 /* Debug */,
				57B4D29B27A58AE700C131E1 /* Release */,
			);
			defaultConfigurationIsVisible = 0;
			defaultConfigurationName = Release;
		};
		57B4D29C27A58AE700C131E1 /* Build configuration list for PBXNativeTarget "GitChart" */ = {
			isa = XCConfigurationList;
			buildConfigurations = (
				57B4D29D27A58AE700C131E1 /* Debug */,
				57B4D29E27A58AE700C131E1 /* Release */,
			);
			defaultConfigurationIsVisible = 0;
			defaultConfigurationName = Release;
		};
		57B4D29F27A58AE700C131E1 /* Build configuration list for PBXNativeTarget "GitChartTests" */ = {
			isa = XCConfigurationList;
			buildConfigurations = (
				57B4D2A027A58AE700C131E1 /* Debug */,
				57B4D2A127A58AE700C131E1 /* Release */,
			);
			defaultConfigurationIsVisible = 0;
			defaultConfigurationName = Release;
		};
		57B4D2A227A58AE700C131E1 /* Build configuration list for PBXNativeTarget "GitChartUITests" */ = {
			isa = XCConfigurationList;
			buildConfigurations = (
				57B4D2A327A58AE700C131E1 /* Debug */,
				57B4D2A427A58AE700C131E1 /* Release */,
			);
			defaultConfigurationIsVisible = 0;
			defaultConfigurationName = Release;
		};
/* End XCConfigurationList section */
	};
	rootObject = 57B4D26A27A58AE600C131E1 /* Project object */;
}
